
Microsoft Visual Studio Solution File, Format Version 12.00
# Visual Studio Version 17
VisualStudioVersion = 17.6.33829.357
MinimumVisualStudioVersion = 10.0.40219.1
Project("{9A19103F-16F7-4668-BE54-9A1E7A4F7556}") = "Backendapi", "Backendapi\Backendapi.csproj", "{A9946CA9-A953-4FE1-950F-D7255F3535D2}"
EndProject
Project("{9A19103F-16F7-4668-BE54-9A1E7A4F7556}") = "Frontend", "Frontend\Frontend.csproj", "{04A5B142-0D71-4ACA-BB61-AA9B76CD15DB}"
EndProject
Global
	GlobalSection(SolutionConfigurationPlatforms) = preSolution
		Debug|Any CPU = Debug|Any CPU
		Release|Any CPU = Release|Any CPU
	EndGlobalSection
	GlobalSection(ProjectConfigurationPlatforms) = postSolution
		{A9946CA9-A953-4FE1-950F-D7255F3535D2}.Debug|Any CPU.ActiveCfg = Debug|Any CPU
		{A9946CA9-A953-4FE1-950F-D7255F3535D2}.Debug|Any CPU.Build.0 = Debug|Any CPU
		{A9946CA9-A953-4FE1-950F-D7255F3535D2}.Release|Any CPU.ActiveCfg = Release|Any CPU
		{A9946CA9-A953-4FE1-950F-D7255F3535D2}.Release|Any CPU.Build.0 = Release|Any CPU
		{04A5B142-0D71-4ACA-BB61-AA9B76CD15DB}.Debug|Any CPU.ActiveCfg = Debug|Any CPU
		{04A5B142-0D71-4ACA-BB61-AA9B76CD15DB}.Debug|Any CPU.Build.0 = Debug|Any CPU
		{04A5B142-0D71-4ACA-BB61-AA9B76CD15DB}.Release|Any CPU.ActiveCfg = Release|Any CPU
		{04A5B142-0D71-4ACA-BB61-AA9B76CD15DB}.Release|Any CPU.Build.0 = Release|Any CPU
	EndGlobalSection
	GlobalSection(SolutionProperties) = preSolution
		HideSolutionNode = FALSE
	EndGlobalSection
	GlobalSection(ExtensibilityGlobals) = postSolution
		SolutionGuid = {3B9D85D1-F6C6-4D99-9AE9-2423B6D64C0E}
	EndGlobalSection
EndGlobal
